
Microsoft Visual Studio Solution File, Format Version 12.00
# Visual Studio Version 17
VisualStudioVersion = 17.3.32929.385
MinimumVisualStudioVersion = 10.0.40219.1
Project("{FAE04EC0-301F-11D3-BF4B-00C04F79EFBC}") = "ПР0", "ПР0\ПР0.csproj", "{6AE8F4EF-720A-481B-A8D1-FA1AAA5011F5}"
EndProject
Global
	GlobalSection(SolutionConfigurationPlatforms) = preSolution
		Debug|Any CPU = Debug|Any CPU
		Release|Any CPU = Release|Any CPU
	EndGlobalSection
	GlobalSection(ProjectConfigurationPlatforms) = postSolution
		{6AE8F4EF-720A-481B-A8D1-FA1AAA5011F5}.Debug|Any CPU.ActiveCfg = Debug|Any CPU
		{6AE8F4EF-720A-481B-A8D1-FA1AAA5011F5}.Debug|Any CPU.Build.0 = Debug|Any CPU
		{6AE8F4EF-720A-481B-A8D1-FA1AAA5011F5}.Release|Any CPU.ActiveCfg = Release|Any CPU
		{6AE8F4EF-720A-481B-A8D1-FA1AAA5011F5}.Release|Any CPU.Build.0 = Release|Any CPU
	EndGlobalSection
	GlobalSection(SolutionProperties) = preSolution
		HideSolutionNode = FALSE
	EndGlobalSection
	GlobalSection(ExtensibilityGlobals) = postSolution
		SolutionGuid = {50A0E55A-3B95-4601-8BD7-3F8F5283AFC2}
	EndGlobalSection
EndGlobal
